
Microsoft Visual Studio Solution File, Format Version 12.00
# Visual Studio 15
VisualStudioVersion = 15.0.28307.102
MinimumVisualStudioVersion = 10.0.40219.1
Project("{FAE04EC0-301F-11D3-BF4B-00C04F79EFBC}") = "MS.WebApi", "MS.WebApi\MS.WebApi.csproj", "{69F6E3AB-4461-4AD0-B754-67A043065797}"
EndProject
Project("{FAE04EC0-301F-11D3-BF4B-00C04F79EFBC}") = "MS.Models", "MS.Models\MS.Models.csproj", "{7C7664F2-6D36-4922-9D90-7D123E5D06B5}"
EndProject
Project("{FAE04EC0-301F-11D3-BF4B-00C04F79EFBC}") = "MS.DataAccess", "MS.DataAccess\MS.DataAccess.csproj", "{AEB86A5F-04D7-4C6B-9B3A-3F5144F33246}"
EndProject
Project("{FAE04EC0-301F-11D3-BF4B-00C04F79EFBC}") = "MS.Services.Abstract", "MS.Services.Abstract\MS.Services.Abstract.csproj", "{9FF8D526-DD2B-49BC-8185-9A9830738DA2}"
EndProject
Project("{FAE04EC0-301F-11D3-BF4B-00C04F79EFBC}") = "MS.Services", "MS.Services\MS.Services.csproj", "{C71C08EA-0F49-46D8-8701-3CA4B776ADC2}"
EndProject
Global
	GlobalSection(SolutionConfigurationPlatforms) = preSolution
		Debug|Any CPU = Debug|Any CPU
		Release|Any CPU = Release|Any CPU
	EndGlobalSection
	GlobalSection(ProjectConfigurationPlatforms) = postSolution
		{69F6E3AB-4461-4AD0-B754-67A043065797}.Debug|Any CPU.ActiveCfg = Debug|Any CPU
		{69F6E3AB-4461-4AD0-B754-67A043065797}.Debug|Any CPU.Build.0 = Debug|Any CPU
		{69F6E3AB-4461-4AD0-B754-67A043065797}.Release|Any CPU.ActiveCfg = Release|Any CPU
		{69F6E3AB-4461-4AD0-B754-67A043065797}.Release|Any CPU.Build.0 = Release|Any CPU
		{7C7664F2-6D36-4922-9D90-7D123E5D06B5}.Debug|Any CPU.ActiveCfg = Debug|Any CPU
		{7C7664F2-6D36-4922-9D90-7D123E5D06B5}.Debug|Any CPU.Build.0 = Debug|Any CPU
		{7C7664F2-6D36-4922-9D90-7D123E5D06B5}.Release|Any CPU.ActiveCfg = Release|Any CPU
		{7C7664F2-6D36-4922-9D90-7D123E5D06B5}.Release|Any CPU.Build.0 = Release|Any CPU
		{AEB86A5F-04D7-4C6B-9B3A-3F5144F33246}.Debug|Any CPU.ActiveCfg = Debug|Any CPU
		{AEB86A5F-04D7-4C6B-9B3A-3F5144F33246}.Debug|Any CPU.Build.0 = Debug|Any CPU
		{AEB86A5F-04D7-4C6B-9B3A-3F5144F33246}.Release|Any CPU.ActiveCfg = Release|Any CPU
		{AEB86A5F-04D7-4C6B-9B3A-3F5144F33246}.Release|Any CPU.Build.0 = Release|Any CPU
		{9FF8D526-DD2B-49BC-8185-9A9830738DA2}.Debug|Any CPU.ActiveCfg = Debug|Any CPU
		{9FF8D526-DD2B-49BC-8185-9A9830738DA2}.Debug|Any CPU.Build.0 = Debug|Any CPU
		{9FF8D526-DD2B-49BC-8185-9A9830738DA2}.Release|Any CPU.ActiveCfg = Release|Any CPU
		{9FF8D526-DD2B-49BC-8185-9A9830738DA2}.Release|Any CPU.Build.0 = Release|Any CPU
		{C71C08EA-0F49-46D8-8701-3CA4B776ADC2}.Debug|Any CPU.ActiveCfg = Debug|Any CPU
		{C71C08EA-0F49-46D8-8701-3CA4B776ADC2}.Debug|Any CPU.Build.0 = Debug|Any CPU
		{C71C08EA-0F49-46D8-8701-3CA4B776ADC2}.Release|Any CPU.ActiveCfg = Release|Any CPU
		{C71C08EA-0F49-46D8-8701-3CA4B776ADC2}.Release|Any CPU.Build.0 = Release|Any CPU
	EndGlobalSection
	GlobalSection(SolutionProperties) = preSolution
		HideSolutionNode = FALSE
	EndGlobalSection
	GlobalSection(ExtensibilityGlobals) = postSolution
		SolutionGuid = {178B58E9-0340-42DD-BDC6-0C4675314A07}
	EndGlobalSection
EndGlobal
